<?xml version="1.0" encoding="utf-8"?>
<Project ToolsVersion="4.0" xmlns="http://schemas.microsoft.com/developer/msbuild/2003">
  <ItemGroup>
    <ClCompile Include="..\..\..\..\test_runners\all_tests.c">
      <Filter>test</Filter>
    </ClCompile>
    <ClCompile Include="..\..\..\..\..\..\source\rkhsma.c">
      <Filter>rkh</Filter>
    </ClCompile>
    <ClCompile Include="..\..\..\..\..\unity\unity.c">
      <Filter>test\tool</Filter>
    </ClCompile>
    <ClCompile Include="..\..\..\..\..\unity\fixture\unity_fixture.c">
      <Filter>test\tool</Filter>
    </ClCompile>
    <ClCompile Include="..\..\..\..\..\cmock\cmock.c">
      <Filter>test\cmock</Filter>
    </ClCompile>
    <ClCompile Include="..\..\..\..\test_rkhsma.c">
      <Filter>test</Filter>
    </ClCompile>
    <ClCompile Include="..\..\..\..\test_runners\test_rkhsma_runner.c">
      <Filter>test</Filter>
    </ClCompile>
    <ClCompile Include="..\..\..\..\stub\mocks\Mockrkhtrc.c">
      <Filter>test\stub</Filter>
    </ClCompile>
    <ClCompile Include="..\..\..\..\stub\mocks\Mockrkhrq.c">
      <Filter>test\stub</Filter>
    </ClCompile>
    <ClCompile Include="..\..\..\..\stub\mocks\Mockrkhmp.c">
      <Filter>test\stub</Filter>
    </ClCompile>
    <ClCompile Include="..\..\..\..\stub\mocks\Mockrkhport.c">
      <Filter>test\stub</Filter>
    </ClCompile>
    <ClCompile Include="..\..\..\..\stub\mocks\Mockrkhassert.c">
      <Filter>test\stub</Filter>
    </ClCompile>
    <ClCompile Include="..\..\..\..\smInstance.c">
      <Filter>test</Filter>
    </ClCompile>
    <ClCompile Include="..\..\..\..\test_smInstance.c">
      <Filter>test</Filter>
    </ClCompile>
    <ClCompile Include="..\..\..\..\test_runners\test_smInstance_runner.c">
      <Filter>test</Filter>
    </ClCompile>
    <ClCompile Include="..\..\..\..\smTest.c">
      <Filter>test</Filter>
    </ClCompile>
    <ClCompile Include="..\..\..\..\stub\mocks\MocksmTestAct.c">
      <Filter>test\stub</Filter>
    </ClCompile>
    <ClCompile Include="..\..\..\..\smPolymorphism.c">
      <Filter>test</Filter>
    </ClCompile>
    <ClCompile Include="..\..\..\..\test_smPolymorphism.c">
      <Filter>test</Filter>
    </ClCompile>
    <ClCompile Include="..\..\..\..\test_runners\test_smPolymorphism_runner.c">
      <Filter>test</Filter>
    </ClCompile>
    <ClCompile Include="..\..\..\..\stub\mocks\Mockrkhsm.c">
      <Filter>test\stub</Filter>
    </ClCompile>
  </ItemGroup>
  <ItemGroup>
    <Filter Include="rkh">
      <UniqueIdentifier>{e260d468-def4-4910-9b48-5afbd246b8f4}</UniqueIdentifier>
    </Filter>
    <Filter Include="test">
      <UniqueIdentifier>{15f2147f-34d1-42e9-9bf7-a4ac79fce62d}</UniqueIdentifier>
    </Filter>
    <Filter Include="test\stub">
      <UniqueIdentifier>{60cb9a32-0678-4c04-8b3d-5b8fddd36bf8}</UniqueIdentifier>
    </Filter>
    <Filter Include="test\tool">
      <UniqueIdentifier>{07df18fa-ca3c-4c1d-93f1-e9fb5ff95f3b}</UniqueIdentifier>
    </Filter>
    <Filter Include="test\cmock">
      <UniqueIdentifier>{d41ba6eb-1e92-420e-aee1-6d89c17941d8}</UniqueIdentifier>
    </Filter>
  </ItemGroup>
  <ItemGroup>
    <ClInclude Include="..\..\..\..\..\cmock\cmock.h">
      <Filter>test\cmock</Filter>
    </ClInclude>
    <ClInclude Include="..\..\..\..\..\cmock\cmock_internals.h">
      <Filter>test\cmock</Filter>
    </ClInclude>
    <ClInclude Include="..\..\..\..\smInstance.h">
      <Filter>test</Filter>
    </ClInclude>
  </ItemGroup>
</Project>