<?xml version="1.0" encoding="utf-8"?>
<Project ToolsVersion="4.0" xmlns="http://schemas.microsoft.com/developer/msbuild/2003">
  <ItemGroup>
    <ClCompile Include="..\..\..\..\..\blinky.c" />
    <ClCompile Include="..\..\..\..\..\main.c" />
    <ClCompile Include="..\bsp.c" />
    <ClCompile Include="..\tcptrc.c" />
    <ClCompile Include="..\..\..\..\..\..\..\..\source\fwk\src\rkhfwk_bittbl.c">
      <Filter>rkh</Filter>
    </ClCompile>
    <ClCompile Include="..\..\..\..\..\..\..\..\source\fwk\src\rkhfwk_dynevt.c">
      <Filter>rkh</Filter>
    </ClCompile>
    <ClCompile Include="..\..\..\..\..\..\..\..\source\fwk\src\rkhfwk_evtpool.c">
      <Filter>rkh</Filter>
    </ClCompile>
    <ClCompile Include="..\..\..\..\..\..\..\..\source\fwk\src\rkhfwk_sched.c">
      <Filter>rkh</Filter>
    </ClCompile>
    <ClCompile Include="..\..\..\..\..\..\..\..\source\fwk\src\rkhfwk_version.c">
      <Filter>rkh</Filter>
    </ClCompile>
    <ClCompile Include="..\..\..\..\..\..\..\..\source\mempool\src\rkhmempool.c">
      <Filter>rkh</Filter>
    </ClCompile>
    <ClCompile Include="..\..\..\..\..\..\..\..\source\queue\src\rkhqueue.c">
      <Filter>rkh</Filter>
    </ClCompile>
    <ClCompile Include="..\..\..\..\..\..\..\..\source\sm\src\rkhsm.c">
      <Filter>rkh</Filter>
    </ClCompile>
    <ClCompile Include="..\..\..\..\..\..\..\..\source\sma\src\rkhsma.c">
      <Filter>rkh</Filter>
    </ClCompile>
    <ClCompile Include="..\..\..\..\..\..\..\..\source\tmr\src\rkhtmr.c">
      <Filter>rkh</Filter>
    </ClCompile>
    <ClCompile Include="..\..\..\..\..\..\..\..\source\trc\src\rkhtrc_filter.c">
      <Filter>rkh</Filter>
    </ClCompile>
    <ClCompile Include="..\..\..\..\..\..\..\..\source\trc\src\rkhtrc_record.c">
      <Filter>rkh</Filter>
    </ClCompile>
    <ClCompile Include="..\..\..\..\..\..\..\..\source\trc\src\rkhtrc_stream.c">
      <Filter>rkh</Filter>
    </ClCompile>
    <ClCompile Include="..\..\..\..\..\..\..\..\source\portable\80x86\win32_st\vc\rkhport.c">
      <Filter>rkh</Filter>
    </ClCompile>
    <ClCompile Include="..\..\..\..\..\..\..\..\source\sma\src\rkhsma_prio.c">
      <Filter>rkh</Filter>
    </ClCompile>
  </ItemGroup>
  <ItemGroup>
    <ClInclude Include="..\..\..\..\..\blinky.h" />
    <ClInclude Include="..\bsp.h" />
    <ClInclude Include="..\tcptrc.h" />
  </ItemGroup>
  <ItemGroup>
    <Filter Include="rkh">
      <UniqueIdentifier>{da2fd889-7548-4bad-8240-8c34034e9a1d}</UniqueIdentifier>
    </Filter>
  </ItemGroup>
</Project>